// !$*UTF8*$!
{
	archiveVersion = 1;
	classes = {
	};
	objectVersion = 56;
	objects = {

/* Begin PBXBuildFile section */
		0E36BA7E2B22F41E003EA141 /* EditView.swift in Sources */ = {isa = PBXBuildFile; fileRef = 0E36BA7D2B22F41E003EA141 /* EditView.swift */; };
		0E36BA9A2B25D192003EA141 /* Extention.swift in Sources */ = {isa = PBXBuildFile; fileRef = 0E36BA992B25D192003EA141 /* Extention.swift */; };
		0E36BAA32B26B696003EA141 /* HomeViewModel.swift in Sources */ = {isa = PBXBuildFile; fileRef = 0E36BAA22B26B696003EA141 /* HomeViewModel.swift */; };
		0E36BAA62B26B6BF003EA141 /* Color.swift in Sources */ = {isa = PBXBuildFile; fileRef = 0E36BAA52B26B6BF003EA141 /* Color.swift */; };
		9E9A102B2B26CF6600A2A73E /* HomeModalView.swift in Sources */ = {isa = PBXBuildFile; fileRef = 9E9A102A2B26CF6600A2A73E /* HomeModalView.swift */; };
		CEB9F57E2B219941005A338E /* PJ2T12_Again12App.swift in Sources */ = {isa = PBXBuildFile; fileRef = CEB9F57D2B219941005A338E /* PJ2T12_Again12App.swift */; };
		CEB9F5822B219944005A338E /* Assets.xcassets in Resources */ = {isa = PBXBuildFile; fileRef = CEB9F5812B219944005A338E /* Assets.xcassets */; };
		CEB9F5852B219944005A338E /* Preview Assets.xcassets in Resources */ = {isa = PBXBuildFile; fileRef = CEB9F5842B219944005A338E /* Preview Assets.xcassets */; };
		CEB9F58F2B219A85005A338E /* User.swift in Sources */ = {isa = PBXBuildFile; fileRef = CEB9F58E2B219A85005A338E /* User.swift */; };
		CEB9F5912B21A925005A338E /* TodoriTapView.swift in Sources */ = {isa = PBXBuildFile; fileRef = CEB9F5902B21A925005A338E /* TodoriTapView.swift */; };
		CEB9F5932B21A937005A338E /* HomeView.swift in Sources */ = {isa = PBXBuildFile; fileRef = CEB9F5922B21A937005A338E /* HomeView.swift */; };
		CEB9F5952B21A950005A338E /* DetailView.swift in Sources */ = {isa = PBXBuildFile; fileRef = CEB9F5942B21A950005A338E /* DetailView.swift */; };
		CEB9F5972B21A966005A338E /* StatusView.swift in Sources */ = {isa = PBXBuildFile; fileRef = CEB9F5962B21A966005A338E /* StatusView.swift */; };
		CEB9F5992B21A9A9005A338E /* HistoryView.swift in Sources */ = {isa = PBXBuildFile; fileRef = CEB9F5982B21A9A9005A338E /* HistoryView.swift */; };
		CEB9F59B2B21A9C5005A338E /* SocialView.swift in Sources */ = {isa = PBXBuildFile; fileRef = CEB9F59A2B21A9C5005A338E /* SocialView.swift */; };
		CEB9F59D2B21A9CE005A338E /* SettingsView.swift in Sources */ = {isa = PBXBuildFile; fileRef = CEB9F59C2B21A9CE005A338E /* SettingsView.swift */; };
		CEE940FA2B26D85700AE52CB /* DataController.swift in Sources */ = {isa = PBXBuildFile; fileRef = CEE940F92B26D85700AE52CB /* DataController.swift */; };
		CEE940FD2B26D99A00AE52CB /* Todori.xcdatamodeld in Sources */ = {isa = PBXBuildFile; fileRef = CEE940FB2B26D99A00AE52CB /* Todori.xcdatamodeld */; };
		CEE941032B26FBEB00AE52CB /* Todo+CoreDataClass.swift in Sources */ = {isa = PBXBuildFile; fileRef = CEE941012B26FBEB00AE52CB /* Todo+CoreDataClass.swift */; };
		CEE941042B26FBEB00AE52CB /* Todo+CoreDataProperties.swift in Sources */ = {isa = PBXBuildFile; fileRef = CEE941022B26FBEB00AE52CB /* Todo+CoreDataProperties.swift */; };
/* End PBXBuildFile section */

/* Begin PBXFileReference section */
		0E36BA7D2B22F41E003EA141 /* EditView.swift */ = {isa = PBXFileReference; lastKnownFileType = sourcecode.swift; path = EditView.swift; sourceTree = "<group>"; };
		0E36BA992B25D192003EA141 /* Extention.swift */ = {isa = PBXFileReference; lastKnownFileType = sourcecode.swift; path = Extention.swift; sourceTree = "<group>"; };
		0E36BAA22B26B696003EA141 /* HomeViewModel.swift */ = {isa = PBXFileReference; fileEncoding = 4; lastKnownFileType = sourcecode.swift; path = HomeViewModel.swift; sourceTree = "<group>"; };
		0E36BAA52B26B6BF003EA141 /* Color.swift */ = {isa = PBXFileReference; fileEncoding = 4; lastKnownFileType = sourcecode.swift; path = Color.swift; sourceTree = "<group>"; };
		9E9A102A2B26CF6600A2A73E /* HomeModalView.swift */ = {isa = PBXFileReference; lastKnownFileType = sourcecode.swift; path = HomeModalView.swift; sourceTree = "<group>"; };
		CEB9F57A2B219941005A338E /* PJ2T12_Again12.app */ = {isa = PBXFileReference; explicitFileType = wrapper.application; includeInIndex = 0; path = PJ2T12_Again12.app; sourceTree = BUILT_PRODUCTS_DIR; };
		CEB9F57D2B219941005A338E /* PJ2T12_Again12App.swift */ = {isa = PBXFileReference; lastKnownFileType = sourcecode.swift; path = PJ2T12_Again12App.swift; sourceTree = "<group>"; };
		CEB9F5812B219944005A338E /* Assets.xcassets */ = {isa = PBXFileReference; lastKnownFileType = folder.assetcatalog; path = Assets.xcassets; sourceTree = "<group>"; };
		CEB9F5842B219944005A338E /* Preview Assets.xcassets */ = {isa = PBXFileReference; lastKnownFileType = folder.assetcatalog; path = "Preview Assets.xcassets"; sourceTree = "<group>"; };
		CEB9F58E2B219A85005A338E /* User.swift */ = {isa = PBXFileReference; lastKnownFileType = sourcecode.swift; path = User.swift; sourceTree = "<group>"; };
		CEB9F5902B21A925005A338E /* TodoriTapView.swift */ = {isa = PBXFileReference; lastKnownFileType = sourcecode.swift; path = TodoriTapView.swift; sourceTree = "<group>"; };
		CEB9F5922B21A937005A338E /* HomeView.swift */ = {isa = PBXFileReference; lastKnownFileType = sourcecode.swift; path = HomeView.swift; sourceTree = "<group>"; };
		CEB9F5942B21A950005A338E /* DetailView.swift */ = {isa = PBXFileReference; lastKnownFileType = sourcecode.swift; path = DetailView.swift; sourceTree = "<group>"; };
		CEB9F5962B21A966005A338E /* StatusView.swift */ = {isa = PBXFileReference; lastKnownFileType = sourcecode.swift; path = StatusView.swift; sourceTree = "<group>"; };
		CEB9F5982B21A9A9005A338E /* HistoryView.swift */ = {isa = PBXFileReference; lastKnownFileType = sourcecode.swift; path = HistoryView.swift; sourceTree = "<group>"; };
		CEB9F59A2B21A9C5005A338E /* SocialView.swift */ = {isa = PBXFileReference; lastKnownFileType = sourcecode.swift; path = SocialView.swift; sourceTree = "<group>"; };
		CEB9F59C2B21A9CE005A338E /* SettingsView.swift */ = {isa = PBXFileReference; lastKnownFileType = sourcecode.swift; path = SettingsView.swift; sourceTree = "<group>"; };
		CEE940F92B26D85700AE52CB /* DataController.swift */ = {isa = PBXFileReference; lastKnownFileType = sourcecode.swift; path = DataController.swift; sourceTree = "<group>"; };
		CEE940FC2B26D99A00AE52CB /* Todori.xcdatamodel */ = {isa = PBXFileReference; lastKnownFileType = wrapper.xcdatamodel; path = Todori.xcdatamodel; sourceTree = "<group>"; };
		CEE941012B26FBEB00AE52CB /* Todo+CoreDataClass.swift */ = {isa = PBXFileReference; lastKnownFileType = sourcecode.swift; path = "Todo+CoreDataClass.swift"; sourceTree = "<group>"; };
		CEE941022B26FBEB00AE52CB /* Todo+CoreDataProperties.swift */ = {isa = PBXFileReference; lastKnownFileType = sourcecode.swift; path = "Todo+CoreDataProperties.swift"; sourceTree = "<group>"; };
/* End PBXFileReference section */

/* Begin PBXFrameworksBuildPhase section */
		CEB9F5772B219941005A338E /* Frameworks */ = {
			isa = PBXFrameworksBuildPhase;
			buildActionMask = 2147483647;
			files = (
			);
			runOnlyForDeploymentPostprocessing = 0;
		};
/* End PBXFrameworksBuildPhase section */

/* Begin PBXGroup section */
		0E36BAA42B26B6BF003EA141 /* Extensions */ = {
			isa = PBXGroup;
			children = (
				0E36BAA52B26B6BF003EA141 /* Color.swift */,
				0E36BA992B25D192003EA141 /* Extention.swift */,
			);
			path = Extensions;
			sourceTree = "<group>";
		};
		CEB9F5712B219941005A338E = {
			isa = PBXGroup;
			children = (
				CEB9F57C2B219941005A338E /* PJ2T12_Again12 */,
				CEB9F57B2B219941005A338E /* Products */,
			);
			sourceTree = "<group>";
		};
		CEB9F57B2B219941005A338E /* Products */ = {
			isa = PBXGroup;
			children = (
				CEB9F57A2B219941005A338E /* PJ2T12_Again12.app */,
			);
			name = Products;
			sourceTree = "<group>";
		};
		CEB9F57C2B219941005A338E /* PJ2T12_Again12 */ = {
			isa = PBXGroup;
			children = (
				CEE941012B26FBEB00AE52CB /* Todo+CoreDataClass.swift */,
				CEE941022B26FBEB00AE52CB /* Todo+CoreDataProperties.swift */,
				CEB9F57D2B219941005A338E /* PJ2T12_Again12App.swift */,
				CEE941002B26EA3100AE52CB /* CoreData */,
				0E36BAA42B26B6BF003EA141 /* Extensions */,
				CEB9F58C2B219A48005A338E /* Views */,
				CEB9F58D2B219A66005A338E /* ViewModels */,
				CEB9F58B2B219A1C005A338E /* Models */,
				CEB9F5812B219944005A338E /* Assets.xcassets */,
				CEB9F5832B219944005A338E /* Preview Content */,
			);
			path = PJ2T12_Again12;
			sourceTree = "<group>";
		};
		CEB9F5832B219944005A338E /* Preview Content */ = {
			isa = PBXGroup;
			children = (
				CEB9F5842B219944005A338E /* Preview Assets.xcassets */,
			);
			path = "Preview Content";
			sourceTree = "<group>";
		};
		CEB9F58B2B219A1C005A338E /* Models */ = {
			isa = PBXGroup;
			children = (
				CEB9F58E2B219A85005A338E /* User.swift */,
			);
			path = Models;
			sourceTree = "<group>";
		};
		CEB9F58C2B219A48005A338E /* Views */ = {
			isa = PBXGroup;
			children = (
				CEB9F5942B21A950005A338E /* DetailView.swift */,
				0E36BA7D2B22F41E003EA141 /* EditView.swift */,
				CEB9F5982B21A9A9005A338E /* HistoryView.swift */,
				CEB9F5922B21A937005A338E /* HomeView.swift */,
				9E9A102A2B26CF6600A2A73E /* HomeModalView.swift */,
				CEB9F59C2B21A9CE005A338E /* SettingsView.swift */,
				CEB9F59A2B21A9C5005A338E /* SocialView.swift */,
				CEB9F5962B21A966005A338E /* StatusView.swift */,
				CEB9F5902B21A925005A338E /* TodoriTapView.swift */,
			);
			path = Views;
			sourceTree = "<group>";
		};
		CEB9F58D2B219A66005A338E /* ViewModels */ = {
			isa = PBXGroup;
			children = (
				0E36BAA22B26B696003EA141 /* HomeViewModel.swift */,
			);
			path = ViewModels;
			sourceTree = "<group>";
		};
		CEE941002B26EA3100AE52CB /* CoreData */ = {
			isa = PBXGroup;
			children = (
				CEE940F92B26D85700AE52CB /* DataController.swift */,
				CEE940FB2B26D99A00AE52CB /* Todori.xcdatamodeld */,
			);
			path = CoreData;
			sourceTree = "<group>";
		};
/* End PBXGroup section */

/* Begin PBXNativeTarget section */
		CEB9F5792B219941005A338E /* PJ2T12_Again12 */ = {
			isa = PBXNativeTarget;
			buildConfigurationList = CEB9F5882B219944005A338E /* Build configuration list for PBXNativeTarget "PJ2T12_Again12" */;
			buildPhases = (
				CEB9F5762B219941005A338E /* Sources */,
				CEB9F5772B219941005A338E /* Frameworks */,
				CEB9F5782B219941005A338E /* Resources */,
			);
			buildRules = (
			);
			dependencies = (
			);
			name = PJ2T12_Again12;
			productName = PJ2T12_Again12;
			productReference = CEB9F57A2B219941005A338E /* PJ2T12_Again12.app */;
			productType = "com.apple.product-type.application";
		};
/* End PBXNativeTarget section */

/* Begin PBXProject section */
		CEB9F5722B219941005A338E /* Project object */ = {
			isa = PBXProject;
			attributes = {
				BuildIndependentTargetsInParallel = 1;
				LastSwiftUpdateCheck = 1500;
				LastUpgradeCheck = 1500;
				TargetAttributes = {
					CEB9F5792B219941005A338E = {
						CreatedOnToolsVersion = 15.0.1;
					};
				};
			};
			buildConfigurationList = CEB9F5752B219941005A338E /* Build configuration list for PBXProject "PJ2T12_Again12" */;
			compatibilityVersion = "Xcode 14.0";
			developmentRegion = en;
			hasScannedForEncodings = 0;
			knownRegions = (
				en,
				Base,
			);
			mainGroup = CEB9F5712B219941005A338E;
			productRefGroup = CEB9F57B2B219941005A338E /* Products */;
			projectDirPath = "";
			projectRoot = "";
			targets = (
				CEB9F5792B219941005A338E /* PJ2T12_Again12 */,
			);
		};
/* End PBXProject section */

/* Begin PBXResourcesBuildPhase section */
		CEB9F5782B219941005A338E /* Resources */ = {
			isa = PBXResourcesBuildPhase;
			buildActionMask = 2147483647;
			files = (
				CEB9F5852B219944005A338E /* Preview Assets.xcassets in Resources */,
				CEB9F5822B219944005A338E /* Assets.xcassets in Resources */,
			);
			runOnlyForDeploymentPostprocessing = 0;
		};
/* End PBXResourcesBuildPhase section */

/* Begin PBXSourcesBuildPhase section */
		CEB9F5762B219941005A338E /* Sources */ = {
			isa = PBXSourcesBuildPhase;
			buildActionMask = 2147483647;
			files = (
				CEB9F5992B21A9A9005A338E /* HistoryView.swift in Sources */,
				CEB9F5952B21A950005A338E /* DetailView.swift in Sources */,
				CEB9F57E2B219941005A338E /* PJ2T12_Again12App.swift in Sources */,
				CEB9F58F2B219A85005A338E /* User.swift in Sources */,
				0E36BAA62B26B6BF003EA141 /* Color.swift in Sources */,
				CEB9F59D2B21A9CE005A338E /* SettingsView.swift in Sources */,
				CEB9F59B2B21A9C5005A338E /* SocialView.swift in Sources */,
				CEE940FA2B26D85700AE52CB /* DataController.swift in Sources */,
				0E36BA7E2B22F41E003EA141 /* EditView.swift in Sources */,
				CEE940FD2B26D99A00AE52CB /* Todori.xcdatamodeld in Sources */,
				0E36BAA32B26B696003EA141 /* HomeViewModel.swift in Sources */,
				CEB9F5972B21A966005A338E /* StatusView.swift in Sources */,
				CEB9F5932B21A937005A338E /* HomeView.swift in Sources */,
				0E36BA9A2B25D192003EA141 /* Extention.swift in Sources */,
				CEB9F5912B21A925005A338E /* TodoriTapView.swift in Sources */,
				9E9A102B2B26CF6600A2A73E /* HomeModalView.swift in Sources */,
				CEE941032B26FBEB00AE52CB /* Todo+CoreDataClass.swift in Sources */,
				CEE941042B26FBEB00AE52CB /* Todo+CoreDataProperties.swift in Sources */,
			);
			runOnlyForDeploymentPostprocessing = 0;
		};
/* End PBXSourcesBuildPhase section */

/* Begin XCBuildConfiguration section */
		CEB9F5862B219944005A338E /* Debug */ = {
			isa = XCBuildConfiguration;
			buildSettings = {
				ALWAYS_SEARCH_USER_PATHS = NO;
				ASSETCATALOG_COMPILER_GENERATE_SWIFT_ASSET_SYMBOL_EXTENSIONS = YES;
				CLANG_ANALYZER_NONNULL = YES;
				CLANG_ANALYZER_NUMBER_OBJECT_CONVERSION = YES_AGGRESSIVE;
				CLANG_CXX_LANGUAGE_STANDARD = "gnu++20";
				CLANG_ENABLE_MODULES = YES;
				CLANG_ENABLE_OBJC_ARC = YES;
				CLANG_ENABLE_OBJC_WEAK = YES;
				CLANG_WARN_BLOCK_CAPTURE_AUTORELEASING = YES;
				CLANG_WARN_BOOL_CONVERSION = YES;
				CLANG_WARN_COMMA = YES;
				CLANG_WARN_CONSTANT_CONVERSION = YES;
				CLANG_WARN_DEPRECATED_OBJC_IMPLEMENTATIONS = YES;
				CLANG_WARN_DIRECT_OBJC_ISA_USAGE = YES_ERROR;
				CLANG_WARN_DOCUMENTATION_COMMENTS = YES;
				CLANG_WARN_EMPTY_BODY = YES;
				CLANG_WARN_ENUM_CONVERSION = YES;
				CLANG_WARN_INFINITE_RECURSION = YES;
				CLANG_WARN_INT_CONVERSION = YES;
				CLANG_WARN_NON_LITERAL_NULL_CONVERSION = YES;
				CLANG_WARN_OBJC_IMPLICIT_RETAIN_SELF = YES;
				CLANG_WARN_OBJC_LITERAL_CONVERSION = YES;
				CLANG_WARN_OBJC_ROOT_CLASS = YES_ERROR;
				CLANG_WARN_QUOTED_INCLUDE_IN_FRAMEWORK_HEADER = YES;
				CLANG_WARN_RANGE_LOOP_ANALYSIS = YES;
				CLANG_WARN_STRICT_PROTOTYPES = YES;
				CLANG_WARN_SUSPICIOUS_MOVE = YES;
				CLANG_WARN_UNGUARDED_AVAILABILITY = YES_AGGRESSIVE;
				CLANG_WARN_UNREACHABLE_CODE = YES;
				CLANG_WARN__DUPLICATE_METHOD_MATCH = YES;
				COPY_PHASE_STRIP = NO;
				DEBUG_INFORMATION_FORMAT = dwarf;
				ENABLE_STRICT_OBJC_MSGSEND = YES;
				ENABLE_TESTABILITY = YES;
				ENABLE_USER_SCRIPT_SANDBOXING = YES;
				GCC_C_LANGUAGE_STANDARD = gnu17;
				GCC_DYNAMIC_NO_PIC = NO;
				GCC_NO_COMMON_BLOCKS = YES;
				GCC_OPTIMIZATION_LEVEL = 0;
				GCC_PREPROCESSOR_DEFINITIONS = (
					"DEBUG=1",
					"$(inherited)",
				);
				GCC_WARN_64_TO_32_BIT_CONVERSION = YES;
				GCC_WARN_ABOUT_RETURN_TYPE = YES_ERROR;
				GCC_WARN_UNDECLARED_SELECTOR = YES;
				GCC_WARN_UNINITIALIZED_AUTOS = YES_AGGRESSIVE;
				GCC_WARN_UNUSED_FUNCTION = YES;
				GCC_WARN_UNUSED_VARIABLE = YES;
				IPHONEOS_DEPLOYMENT_TARGET = 17.0;
				LOCALIZATION_PREFERS_STRING_CATALOGS = YES;
				MTL_ENABLE_DEBUG_INFO = INCLUDE_SOURCE;
				MTL_FAST_MATH = YES;
				ONLY_ACTIVE_ARCH = YES;
				SDKROOT = iphoneos;
				SWIFT_ACTIVE_COMPILATION_CONDITIONS = "DEBUG $(inherited)";
				SWIFT_OPTIMIZATION_LEVEL = "-Onone";
			};
			name = Debug;
		};
		CEB9F5872B219944005A338E /* Release */ = {
			isa = XCBuildConfiguration;
			buildSettings = {
				ALWAYS_SEARCH_USER_PATHS = NO;
				ASSETCATALOG_COMPILER_GENERATE_SWIFT_ASSET_SYMBOL_EXTENSIONS = YES;
				CLANG_ANALYZER_NONNULL = YES;
				CLANG_ANALYZER_NUMBER_OBJECT_CONVERSION = YES_AGGRESSIVE;
				CLANG_CXX_LANGUAGE_STANDARD = "gnu++20";
				CLANG_ENABLE_MODULES = YES;
				CLANG_ENABLE_OBJC_ARC = YES;
				CLANG_ENABLE_OBJC_WEAK = YES;
				CLANG_WARN_BLOCK_CAPTURE_AUTORELEASING = YES;
				CLANG_WARN_BOOL_CONVERSION = YES;
				CLANG_WARN_COMMA = YES;
				CLANG_WARN_CONSTANT_CONVERSION = YES;
				CLANG_WARN_DEPRECATED_OBJC_IMPLEMENTATIONS = YES;
				CLANG_WARN_DIRECT_OBJC_ISA_USAGE = YES_ERROR;
				CLANG_WARN_DOCUMENTATION_COMMENTS = YES;
				CLANG_WARN_EMPTY_BODY = YES;
				CLANG_WARN_ENUM_CONVERSION = YES;
				CLANG_WARN_INFINITE_RECURSION = YES;
				CLANG_WARN_INT_CONVERSION = YES;
				CLANG_WARN_NON_LITERAL_NULL_CONVERSION = YES;
				CLANG_WARN_OBJC_IMPLICIT_RETAIN_SELF = YES;
				CLANG_WARN_OBJC_LITERAL_CONVERSION = YES;
				CLANG_WARN_OBJC_ROOT_CLASS = YES_ERROR;
				CLANG_WARN_QUOTED_INCLUDE_IN_FRAMEWORK_HEADER = YES;
				CLANG_WARN_RANGE_LOOP_ANALYSIS = YES;
				CLANG_WARN_STRICT_PROTOTYPES = YES;
				CLANG_WARN_SUSPICIOUS_MOVE = YES;
				CLANG_WARN_UNGUARDED_AVAILABILITY = YES_AGGRESSIVE;
				CLANG_WARN_UNREACHABLE_CODE = YES;
				CLANG_WARN__DUPLICATE_METHOD_MATCH = YES;
				COPY_PHASE_STRIP = NO;
				DEBUG_INFORMATION_FORMAT = "dwarf-with-dsym";
				ENABLE_NS_ASSERTIONS = NO;
				ENABLE_STRICT_OBJC_MSGSEND = YES;
				ENABLE_USER_SCRIPT_SANDBOXING = YES;
				GCC_C_LANGUAGE_STANDARD = gnu17;
				GCC_NO_COMMON_BLOCKS = YES;
				GCC_WARN_64_TO_32_BIT_CONVERSION = YES;
				GCC_WARN_ABOUT_RETURN_TYPE = YES_ERROR;
				GCC_WARN_UNDECLARED_SELECTOR = YES;
				GCC_WARN_UNINITIALIZED_AUTOS = YES_AGGRESSIVE;
				GCC_WARN_UNUSED_FUNCTION = YES;
				GCC_WARN_UNUSED_VARIABLE = YES;
				IPHONEOS_DEPLOYMENT_TARGET = 17.0;
				LOCALIZATION_PREFERS_STRING_CATALOGS = YES;
				MTL_ENABLE_DEBUG_INFO = NO;
				MTL_FAST_MATH = YES;
				SDKROOT = iphoneos;
				SWIFT_COMPILATION_MODE = wholemodule;
				VALIDATE_PRODUCT = YES;
			};
			name = Release;
		};
		CEB9F5892B219944005A338E /* Debug */ = {
			isa = XCBuildConfiguration;
			buildSettings = {
				ASSETCATALOG_COMPILER_APPICON_NAME = AppIcon;
				ASSETCATALOG_COMPILER_GLOBAL_ACCENT_COLOR_NAME = AccentColor;
				CODE_SIGN_STYLE = Automatic;
				CURRENT_PROJECT_VERSION = 1;
				DEVELOPMENT_ASSET_PATHS = "\"PJ2T12_Again12/Preview Content\"";
				DEVELOPMENT_TEAM = BQUJTNYMGY;
				ENABLE_PREVIEWS = YES;
				GENERATE_INFOPLIST_FILE = YES;
				INFOPLIST_KEY_UIApplicationSceneManifest_Generation = YES;
				INFOPLIST_KEY_UIApplicationSupportsIndirectInputEvents = YES;
				INFOPLIST_KEY_UILaunchScreen_Generation = YES;
				INFOPLIST_KEY_UISupportedInterfaceOrientations_iPad = "UIInterfaceOrientationPortrait UIInterfaceOrientationPortraitUpsideDown UIInterfaceOrientationLandscapeLeft UIInterfaceOrientationLandscapeRight";
				INFOPLIST_KEY_UISupportedInterfaceOrientations_iPhone = "UIInterfaceOrientationPortrait UIInterfaceOrientationLandscapeLeft UIInterfaceOrientationLandscapeRight";
				LD_RUNPATH_SEARCH_PATHS = (
					"$(inherited)",
					"@executable_path/Frameworks",
				);
				MARKETING_VERSION = 1.0;
				PRODUCT_BUNDLE_IDENTIFIER = "com.kim.hyunjin.PJ2T12-Again12";
				PRODUCT_NAME = "$(TARGET_NAME)";
				SWIFT_EMIT_LOC_STRINGS = YES;
				SWIFT_VERSION = 5.0;
				TARGETED_DEVICE_FAMILY = "1,2";
			};
			name = Debug;
		};
		CEB9F58A2B219944005A338E /* Release */ = {
			isa = XCBuildConfiguration;
			buildSettings = {
				ASSETCATALOG_COMPILER_APPICON_NAME = AppIcon;
				ASSETCATALOG_COMPILER_GLOBAL_ACCENT_COLOR_NAME = AccentColor;
				CODE_SIGN_STYLE = Automatic;
				CURRENT_PROJECT_VERSION = 1;
				DEVELOPMENT_ASSET_PATHS = "\"PJ2T12_Again12/Preview Content\"";
				DEVELOPMENT_TEAM = BQUJTNYMGY;
				ENABLE_PREVIEWS = YES;
				GENERATE_INFOPLIST_FILE = YES;
				INFOPLIST_KEY_UIApplicationSceneManifest_Generation = YES;
				INFOPLIST_KEY_UIApplicationSupportsIndirectInputEvents = YES;
				INFOPLIST_KEY_UILaunchScreen_Generation = YES;
				INFOPLIST_KEY_UISupportedInterfaceOrientations_iPad = "UIInterfaceOrientationPortrait UIInterfaceOrientationPortraitUpsideDown UIInterfaceOrientationLandscapeLeft UIInterfaceOrientationLandscapeRight";
				INFOPLIST_KEY_UISupportedInterfaceOrientations_iPhone = "UIInterfaceOrientationPortrait UIInterfaceOrientationLandscapeLeft UIInterfaceOrientationLandscapeRight";
				LD_RUNPATH_SEARCH_PATHS = (
					"$(inherited)",
					"@executable_path/Frameworks",
				);
				MARKETING_VERSION = 1.0;
				PRODUCT_BUNDLE_IDENTIFIER = "com.kim.hyunjin.PJ2T12-Again12";
				PRODUCT_NAME = "$(TARGET_NAME)";
				SWIFT_EMIT_LOC_STRINGS = YES;
				SWIFT_VERSION = 5.0;
				TARGETED_DEVICE_FAMILY = "1,2";
			};
			name = Release;
		};
/* End XCBuildConfiguration section */

/* Begin XCConfigurationList section */
		CEB9F5752B219941005A338E /* Build configuration list for PBXProject "PJ2T12_Again12" */ = {
			isa = XCConfigurationList;
			buildConfigurations = (
				CEB9F5862B219944005A338E /* Debug */,
				CEB9F5872B219944005A338E /* Release */,
			);
			defaultConfigurationIsVisible = 0;
			defaultConfigurationName = Release;
		};
		CEB9F5882B219944005A338E /* Build configuration list for PBXNativeTarget "PJ2T12_Again12" */ = {
			isa = XCConfigurationList;
			buildConfigurations = (
				CEB9F5892B219944005A338E /* Debug */,
				CEB9F58A2B219944005A338E /* Release */,
			);
			defaultConfigurationIsVisible = 0;
			defaultConfigurationName = Release;
		};
/* End XCConfigurationList section */

/* Begin XCVersionGroup section */
		CEE940FB2B26D99A00AE52CB /* Todori.xcdatamodeld */ = {
			isa = XCVersionGroup;
			children = (
				CEE940FC2B26D99A00AE52CB /* Todori.xcdatamodel */,
			);
			currentVersion = CEE940FC2B26D99A00AE52CB /* Todori.xcdatamodel */;
			path = Todori.xcdatamodeld;
			sourceTree = "<group>";
			versionGroupType = wrapper.xcdatamodel;
		};
/* End XCVersionGroup section */
	};
	rootObject = CEB9F5722B219941005A338E /* Project object */;
}
