// !$*UTF8*$!
{
	archiveVersion = 1;
	classes = {
	};
	objectVersion = 56;
	objects = {

/* Begin PBXBuildFile section */
		01D722B62B28B4C100F93E87 /* StatusModalView.swift in Sources */ = {isa = PBXBuildFile; fileRef = 01D722B52B28B4C100F93E87 /* StatusModalView.swift */; };
		0E36BA7E2B22F41E003EA141 /* EditView.swift in Sources */ = {isa = PBXBuildFile; fileRef = 0E36BA7D2B22F41E003EA141 /* EditView.swift */; };
		0E36BA9A2B25D192003EA141 /* Extention.swift in Sources */ = {isa = PBXBuildFile; fileRef = 0E36BA992B25D192003EA141 /* Extention.swift */; };
		0E36BAA32B26B696003EA141 /* HomeViewModel.swift in Sources */ = {isa = PBXBuildFile; fileRef = 0E36BAA22B26B696003EA141 /* HomeViewModel.swift */; };
		0E36BAA62B26B6BF003EA141 /* Color.swift in Sources */ = {isa = PBXBuildFile; fileRef = 0E36BAA52B26B6BF003EA141 /* Color.swift */; };
		0E36BAB22B26F64C003EA141 /* EditViewModel.swift in Sources */ = {isa = PBXBuildFile; fileRef = 0E36BAB12B26F64C003EA141 /* EditViewModel.swift */; };
		0E8E26E92B29FFA400F1B3B5 /* WidgetKit.framework in Frameworks */ = {isa = PBXBuildFile; fileRef = 0E8E26E82B29FFA400F1B3B5 /* WidgetKit.framework */; };
		0E8E26EB2B29FFA400F1B3B5 /* SwiftUI.framework in Frameworks */ = {isa = PBXBuildFile; fileRef = 0E8E26EA2B29FFA400F1B3B5 /* SwiftUI.framework */; };
		0E8E26EE2B29FFA400F1B3B5 /* TodoriWidgetBundle.swift in Sources */ = {isa = PBXBuildFile; fileRef = 0E8E26ED2B29FFA400F1B3B5 /* TodoriWidgetBundle.swift */; };
		0E8E26F02B29FFA400F1B3B5 /* TodoriWidgetLiveActivity.swift in Sources */ = {isa = PBXBuildFile; fileRef = 0E8E26EF2B29FFA400F1B3B5 /* TodoriWidgetLiveActivity.swift */; };
		0E8E26F22B29FFA400F1B3B5 /* TodoriWidget.swift in Sources */ = {isa = PBXBuildFile; fileRef = 0E8E26F12B29FFA400F1B3B5 /* TodoriWidget.swift */; };
		0E8E26F42B29FFA400F1B3B5 /* AppIntent.swift in Sources */ = {isa = PBXBuildFile; fileRef = 0E8E26F32B29FFA400F1B3B5 /* AppIntent.swift */; };
		0E8E26F62B29FFA600F1B3B5 /* Assets.xcassets in Resources */ = {isa = PBXBuildFile; fileRef = 0E8E26F52B29FFA600F1B3B5 /* Assets.xcassets */; };
		0E8E26FA2B29FFA600F1B3B5 /* TodoriWidgetExtension.appex in Embed Foundation Extensions */ = {isa = PBXBuildFile; fileRef = 0E8E26E62B29FFA400F1B3B5 /* TodoriWidgetExtension.appex */; settings = {ATTRIBUTES = (RemoveHeadersOnCopy, ); }; };
		0E8E26FF2B29FFB100F1B3B5 /* Todo+CoreDataClass.swift in Sources */ = {isa = PBXBuildFile; fileRef = CEE941012B26FBEB00AE52CB /* Todo+CoreDataClass.swift */; };
		0E8E27002B29FFB300F1B3B5 /* Todo+CoreDataProperties.swift in Sources */ = {isa = PBXBuildFile; fileRef = CEE941022B26FBEB00AE52CB /* Todo+CoreDataProperties.swift */; };
		0E8E27032B2A8C1500F1B3B5 /* Todori.xcdatamodeld in Sources */ = {isa = PBXBuildFile; fileRef = CEE940FB2B26D99A00AE52CB /* Todori.xcdatamodeld */; };
		0E8E27042B2A8CDE00F1B3B5 /* DataController.swift in Sources */ = {isa = PBXBuildFile; fileRef = CEE940F92B26D85700AE52CB /* DataController.swift */; };
		0E8E27072B2AB92600F1B3B5 /* Color.swift in Sources */ = {isa = PBXBuildFile; fileRef = 0E36BAA52B26B6BF003EA141 /* Color.swift */; };
		0E8E27082B2AB96F00F1B3B5 /* Assets.xcassets in Resources */ = {isa = PBXBuildFile; fileRef = CEB9F5812B219944005A338E /* Assets.xcassets */; };
		0E8E27142B2B4C9E00F1B3B5 /* Text.swift in Sources */ = {isa = PBXBuildFile; fileRef = 0E8E27132B2B4C9E00F1B3B5 /* Text.swift */; };
		0E8E27152B2B4C9E00F1B3B5 /* Text.swift in Sources */ = {isa = PBXBuildFile; fileRef = 0E8E27132B2B4C9E00F1B3B5 /* Text.swift */; };
		0E8E271C2B2B885E00F1B3B5 /* BedgeView.swift in Sources */ = {isa = PBXBuildFile; fileRef = 0E8E271B2B2B885E00F1B3B5 /* BedgeView.swift */; };
		9E7852B12B28419E003BC698 /* SocialViewModel.swift in Sources */ = {isa = PBXBuildFile; fileRef = 9E7852B02B28419E003BC698 /* SocialViewModel.swift */; };
		9E7852B32B2860D5003BC698 /* SocialDetailView.swift in Sources */ = {isa = PBXBuildFile; fileRef = 9E7852B22B2860D5003BC698 /* SocialDetailView.swift */; };
		9E9A102B2B26CF6600A2A73E /* HomeModalView.swift in Sources */ = {isa = PBXBuildFile; fileRef = 9E9A102A2B26CF6600A2A73E /* HomeModalView.swift */; };
		CE13BF7B2B299EE000A8B73B /* Calendar.swift in Sources */ = {isa = PBXBuildFile; fileRef = CE13BF7A2B299EE000A8B73B /* Calendar.swift */; };
		CE80E19F2B2FD82200BE1563 /* KeyConfig.xcconfig in Resources */ = {isa = PBXBuildFile; fileRef = CE80E19E2B2FD82200BE1563 /* KeyConfig.xcconfig */; };
		CE80E1A32B2FD84700BE1563 /* Helvetica.ttf in Resources */ = {isa = PBXBuildFile; fileRef = CE80E1A02B2FD84700BE1563 /* Helvetica.ttf */; };
		CE80E1A42B2FD84700BE1563 /* alata-regular.ttf in Resources */ = {isa = PBXBuildFile; fileRef = CE80E1A12B2FD84700BE1563 /* alata-regular.ttf */; };
		CE80E1A52B2FD84700BE1563 /* Helvetica_Bold.ttf in Resources */ = {isa = PBXBuildFile; fileRef = CE80E1A22B2FD84700BE1563 /* Helvetica_Bold.ttf */; };
		CE80E1A72B2FD8D200BE1563 /* CoreDataManager.swift in Sources */ = {isa = PBXBuildFile; fileRef = CE80E1A62B2FD8D200BE1563 /* CoreDataManager.swift */; };
		CE80E1A92B3019B200BE1563 /* HomeModalViewModel.swift in Sources */ = {isa = PBXBuildFile; fileRef = CE80E1A82B3019B200BE1563 /* HomeModalViewModel.swift */; };
		CEB9F57E2B219941005A338E /* PJ2T12_Again12App.swift in Sources */ = {isa = PBXBuildFile; fileRef = CEB9F57D2B219941005A338E /* PJ2T12_Again12App.swift */; };
		CEB9F5822B219944005A338E /* Assets.xcassets in Resources */ = {isa = PBXBuildFile; fileRef = CEB9F5812B219944005A338E /* Assets.xcassets */; };
		CEB9F5852B219944005A338E /* Preview Assets.xcassets in Resources */ = {isa = PBXBuildFile; fileRef = CEB9F5842B219944005A338E /* Preview Assets.xcassets */; };
		CEB9F58F2B219A85005A338E /* User.swift in Sources */ = {isa = PBXBuildFile; fileRef = CEB9F58E2B219A85005A338E /* User.swift */; };
		CEB9F5912B21A925005A338E /* TodoriTapView.swift in Sources */ = {isa = PBXBuildFile; fileRef = CEB9F5902B21A925005A338E /* TodoriTapView.swift */; };
		CEB9F5932B21A937005A338E /* HomeView.swift in Sources */ = {isa = PBXBuildFile; fileRef = CEB9F5922B21A937005A338E /* HomeView.swift */; };
		CEB9F5952B21A950005A338E /* DetailView.swift in Sources */ = {isa = PBXBuildFile; fileRef = CEB9F5942B21A950005A338E /* DetailView.swift */; };
		CEB9F5972B21A966005A338E /* StatusView.swift in Sources */ = {isa = PBXBuildFile; fileRef = CEB9F5962B21A966005A338E /* StatusView.swift */; };
		CEB9F5992B21A9A9005A338E /* HistoryView.swift in Sources */ = {isa = PBXBuildFile; fileRef = CEB9F5982B21A9A9005A338E /* HistoryView.swift */; };
		CEB9F59B2B21A9C5005A338E /* SocialView.swift in Sources */ = {isa = PBXBuildFile; fileRef = CEB9F59A2B21A9C5005A338E /* SocialView.swift */; };
		CEB9F59D2B21A9CE005A338E /* SettingsView.swift in Sources */ = {isa = PBXBuildFile; fileRef = CEB9F59C2B21A9CE005A338E /* SettingsView.swift */; };
		CEE940FA2B26D85700AE52CB /* DataController.swift in Sources */ = {isa = PBXBuildFile; fileRef = CEE940F92B26D85700AE52CB /* DataController.swift */; };
		CEE940FD2B26D99A00AE52CB /* Todori.xcdatamodeld in Sources */ = {isa = PBXBuildFile; fileRef = CEE940FB2B26D99A00AE52CB /* Todori.xcdatamodeld */; };
		CEE941032B26FBEB00AE52CB /* Todo+CoreDataClass.swift in Sources */ = {isa = PBXBuildFile; fileRef = CEE941012B26FBEB00AE52CB /* Todo+CoreDataClass.swift */; };
		CEE941042B26FBEB00AE52CB /* Todo+CoreDataProperties.swift in Sources */ = {isa = PBXBuildFile; fileRef = CEE941022B26FBEB00AE52CB /* Todo+CoreDataProperties.swift */; };
		E3456BB02B26FD2100EEA7B1 /* String.swift in Sources */ = {isa = PBXBuildFile; fileRef = E3456BAF2B26FD2100EEA7B1 /* String.swift */; };
		E3A9AC852B2990D2002B0AE6 /* MyAppDelegate.swift in Sources */ = {isa = PBXBuildFile; fileRef = E3A9AC842B2990D2002B0AE6 /* MyAppDelegate.swift */; };
		E3A9AC872B2990EA002B0AE6 /* MySceneDelegate.swift in Sources */ = {isa = PBXBuildFile; fileRef = E3A9AC862B2990EA002B0AE6 /* MySceneDelegate.swift */; };
		E3A9AC892B2990FA002B0AE6 /* KaKaoAuthVM.swift in Sources */ = {isa = PBXBuildFile; fileRef = E3A9AC882B2990FA002B0AE6 /* KaKaoAuthVM.swift */; };
		E3A9AC8D2B2992F0002B0AE6 /* KakaoSDK in Frameworks */ = {isa = PBXBuildFile; productRef = E3A9AC8C2B2992F0002B0AE6 /* KakaoSDK */; };
		E3A9AC8F2B2992F0002B0AE6 /* KakaoSDKAuth in Frameworks */ = {isa = PBXBuildFile; productRef = E3A9AC8E2B2992F0002B0AE6 /* KakaoSDKAuth */; };
		E3A9AC912B2992F0002B0AE6 /* KakaoSDKCert in Frameworks */ = {isa = PBXBuildFile; productRef = E3A9AC902B2992F0002B0AE6 /* KakaoSDKCert */; };
		E3A9AC932B2992F0002B0AE6 /* KakaoSDKCertCore in Frameworks */ = {isa = PBXBuildFile; productRef = E3A9AC922B2992F0002B0AE6 /* KakaoSDKCertCore */; };
		E3A9AC952B2992F0002B0AE6 /* KakaoSDKCommon in Frameworks */ = {isa = PBXBuildFile; productRef = E3A9AC942B2992F0002B0AE6 /* KakaoSDKCommon */; };
		E3D2CDAA2B2A21C300C11851 /* PopupView in Frameworks */ = {isa = PBXBuildFile; productRef = E3D2CDA92B2A21C300C11851 /* PopupView */; };
/* End PBXBuildFile section */

/* Begin PBXContainerItemProxy section */
		0E8E26F82B29FFA600F1B3B5 /* PBXContainerItemProxy */ = {
			isa = PBXContainerItemProxy;
			containerPortal = CEB9F5722B219941005A338E /* Project object */;
			proxyType = 1;
			remoteGlobalIDString = 0E8E26E52B29FFA400F1B3B5;
			remoteInfo = TodoriWidgetExtension;
		};
/* End PBXContainerItemProxy section */

/* Begin PBXCopyFilesBuildPhase section */
		0E8E26FB2B29FFA600F1B3B5 /* Embed Foundation Extensions */ = {
			isa = PBXCopyFilesBuildPhase;
			buildActionMask = 2147483647;
			dstPath = "";
			dstSubfolderSpec = 13;
			files = (
				0E8E26FA2B29FFA600F1B3B5 /* TodoriWidgetExtension.appex in Embed Foundation Extensions */,
			);
			name = "Embed Foundation Extensions";
			runOnlyForDeploymentPostprocessing = 0;
		};
/* End PBXCopyFilesBuildPhase section */

/* Begin PBXFileReference section */
		01D722B52B28B4C100F93E87 /* StatusModalView.swift */ = {isa = PBXFileReference; lastKnownFileType = sourcecode.swift; path = StatusModalView.swift; sourceTree = "<group>"; };
		0E36BA7D2B22F41E003EA141 /* EditView.swift */ = {isa = PBXFileReference; lastKnownFileType = sourcecode.swift; path = EditView.swift; sourceTree = "<group>"; };
		0E36BA992B25D192003EA141 /* Extention.swift */ = {isa = PBXFileReference; lastKnownFileType = sourcecode.swift; path = Extention.swift; sourceTree = "<group>"; };
		0E36BAA22B26B696003EA141 /* HomeViewModel.swift */ = {isa = PBXFileReference; fileEncoding = 4; lastKnownFileType = sourcecode.swift; path = HomeViewModel.swift; sourceTree = "<group>"; };
		0E36BAA52B26B6BF003EA141 /* Color.swift */ = {isa = PBXFileReference; fileEncoding = 4; lastKnownFileType = sourcecode.swift; path = Color.swift; sourceTree = "<group>"; };
		0E36BAB12B26F64C003EA141 /* EditViewModel.swift */ = {isa = PBXFileReference; lastKnownFileType = sourcecode.swift; path = EditViewModel.swift; sourceTree = "<group>"; };
		0E8E26E62B29FFA400F1B3B5 /* TodoriWidgetExtension.appex */ = {isa = PBXFileReference; explicitFileType = "wrapper.app-extension"; includeInIndex = 0; path = TodoriWidgetExtension.appex; sourceTree = BUILT_PRODUCTS_DIR; };
		0E8E26E82B29FFA400F1B3B5 /* WidgetKit.framework */ = {isa = PBXFileReference; lastKnownFileType = wrapper.framework; name = WidgetKit.framework; path = System/Library/Frameworks/WidgetKit.framework; sourceTree = SDKROOT; };
		0E8E26EA2B29FFA400F1B3B5 /* SwiftUI.framework */ = {isa = PBXFileReference; lastKnownFileType = wrapper.framework; name = SwiftUI.framework; path = System/Library/Frameworks/SwiftUI.framework; sourceTree = SDKROOT; };
		0E8E26ED2B29FFA400F1B3B5 /* TodoriWidgetBundle.swift */ = {isa = PBXFileReference; lastKnownFileType = sourcecode.swift; path = TodoriWidgetBundle.swift; sourceTree = "<group>"; };
		0E8E26EF2B29FFA400F1B3B5 /* TodoriWidgetLiveActivity.swift */ = {isa = PBXFileReference; lastKnownFileType = sourcecode.swift; path = TodoriWidgetLiveActivity.swift; sourceTree = "<group>"; };
		0E8E26F12B29FFA400F1B3B5 /* TodoriWidget.swift */ = {isa = PBXFileReference; lastKnownFileType = sourcecode.swift; path = TodoriWidget.swift; sourceTree = "<group>"; };
		0E8E26F32B29FFA400F1B3B5 /* AppIntent.swift */ = {isa = PBXFileReference; lastKnownFileType = sourcecode.swift; path = AppIntent.swift; sourceTree = "<group>"; };
		0E8E26F52B29FFA600F1B3B5 /* Assets.xcassets */ = {isa = PBXFileReference; lastKnownFileType = folder.assetcatalog; path = Assets.xcassets; sourceTree = "<group>"; };
		0E8E26F72B29FFA600F1B3B5 /* Info.plist */ = {isa = PBXFileReference; lastKnownFileType = text.plist.xml; path = Info.plist; sourceTree = "<group>"; };
		0E8E27052B2A8E8100F1B3B5 /* TodoriWidgetExtension.entitlements */ = {isa = PBXFileReference; lastKnownFileType = text.plist.entitlements; path = TodoriWidgetExtension.entitlements; sourceTree = "<group>"; };
		0E8E27062B2A8F0F00F1B3B5 /* PJ2T12_Again12.entitlements */ = {isa = PBXFileReference; lastKnownFileType = text.plist.entitlements; path = PJ2T12_Again12.entitlements; sourceTree = "<group>"; };
		0E8E27132B2B4C9E00F1B3B5 /* Text.swift */ = {isa = PBXFileReference; lastKnownFileType = sourcecode.swift; path = Text.swift; sourceTree = "<group>"; };
		0E8E271B2B2B885E00F1B3B5 /* BedgeView.swift */ = {isa = PBXFileReference; lastKnownFileType = sourcecode.swift; path = BedgeView.swift; sourceTree = "<group>"; };
		9E7852B02B28419E003BC698 /* SocialViewModel.swift */ = {isa = PBXFileReference; lastKnownFileType = sourcecode.swift; path = SocialViewModel.swift; sourceTree = "<group>"; };
		9E7852B22B2860D5003BC698 /* SocialDetailView.swift */ = {isa = PBXFileReference; lastKnownFileType = sourcecode.swift; path = SocialDetailView.swift; sourceTree = "<group>"; };
		9E9A102A2B26CF6600A2A73E /* HomeModalView.swift */ = {isa = PBXFileReference; lastKnownFileType = sourcecode.swift; path = HomeModalView.swift; sourceTree = "<group>"; };
		CE13BF7A2B299EE000A8B73B /* Calendar.swift */ = {isa = PBXFileReference; lastKnownFileType = sourcecode.swift; path = Calendar.swift; sourceTree = "<group>"; };
		CE80E19E2B2FD82200BE1563 /* KeyConfig.xcconfig */ = {isa = PBXFileReference; fileEncoding = 4; lastKnownFileType = text.xcconfig; path = KeyConfig.xcconfig; sourceTree = "<group>"; };
		CE80E1A02B2FD84700BE1563 /* Helvetica.ttf */ = {isa = PBXFileReference; lastKnownFileType = file; path = Helvetica.ttf; sourceTree = "<group>"; };
		CE80E1A12B2FD84700BE1563 /* alata-regular.ttf */ = {isa = PBXFileReference; lastKnownFileType = file; path = "alata-regular.ttf"; sourceTree = "<group>"; };
		CE80E1A22B2FD84700BE1563 /* Helvetica_Bold.ttf */ = {isa = PBXFileReference; lastKnownFileType = file; path = Helvetica_Bold.ttf; sourceTree = "<group>"; };
		CE80E1A62B2FD8D200BE1563 /* CoreDataManager.swift */ = {isa = PBXFileReference; lastKnownFileType = sourcecode.swift; path = CoreDataManager.swift; sourceTree = "<group>"; };
		CE80E1A82B3019B200BE1563 /* HomeModalViewModel.swift */ = {isa = PBXFileReference; lastKnownFileType = sourcecode.swift; path = HomeModalViewModel.swift; sourceTree = "<group>"; };
		CEB9F57A2B219941005A338E /* PJ2T12_Again12.app */ = {isa = PBXFileReference; explicitFileType = wrapper.application; includeInIndex = 0; path = PJ2T12_Again12.app; sourceTree = BUILT_PRODUCTS_DIR; };
		CEB9F57D2B219941005A338E /* PJ2T12_Again12App.swift */ = {isa = PBXFileReference; lastKnownFileType = sourcecode.swift; path = PJ2T12_Again12App.swift; sourceTree = "<group>"; };
		CEB9F5812B219944005A338E /* Assets.xcassets */ = {isa = PBXFileReference; lastKnownFileType = folder.assetcatalog; path = Assets.xcassets; sourceTree = "<group>"; };
		CEB9F5842B219944005A338E /* Preview Assets.xcassets */ = {isa = PBXFileReference; lastKnownFileType = folder.assetcatalog; path = "Preview Assets.xcassets"; sourceTree = "<group>"; };
		CEB9F58E2B219A85005A338E /* User.swift */ = {isa = PBXFileReference; lastKnownFileType = sourcecode.swift; path = User.swift; sourceTree = "<group>"; };
		CEB9F5902B21A925005A338E /* TodoriTapView.swift */ = {isa = PBXFileReference; lastKnownFileType = sourcecode.swift; path = TodoriTapView.swift; sourceTree = "<group>"; };
		CEB9F5922B21A937005A338E /* HomeView.swift */ = {isa = PBXFileReference; lastKnownFileType = sourcecode.swift; path = HomeView.swift; sourceTree = "<group>"; };
		CEB9F5942B21A950005A338E /* DetailView.swift */ = {isa = PBXFileReference; lastKnownFileType = sourcecode.swift; path = DetailView.swift; sourceTree = "<group>"; };
		CEB9F5962B21A966005A338E /* StatusView.swift */ = {isa = PBXFileReference; lastKnownFileType = sourcecode.swift; path = StatusView.swift; sourceTree = "<group>"; };
		CEB9F5982B21A9A9005A338E /* HistoryView.swift */ = {isa = PBXFileReference; lastKnownFileType = sourcecode.swift; path = HistoryView.swift; sourceTree = "<group>"; };
		CEB9F59A2B21A9C5005A338E /* SocialView.swift */ = {isa = PBXFileReference; lastKnownFileType = sourcecode.swift; path = SocialView.swift; sourceTree = "<group>"; };
		CEB9F59C2B21A9CE005A338E /* SettingsView.swift */ = {isa = PBXFileReference; lastKnownFileType = sourcecode.swift; path = SettingsView.swift; sourceTree = "<group>"; };
		CEE940F92B26D85700AE52CB /* DataController.swift */ = {isa = PBXFileReference; lastKnownFileType = sourcecode.swift; path = DataController.swift; sourceTree = "<group>"; };
		CEE940FC2B26D99A00AE52CB /* Todori.xcdatamodel */ = {isa = PBXFileReference; lastKnownFileType = wrapper.xcdatamodel; path = Todori.xcdatamodel; sourceTree = "<group>"; };
		CEE941012B26FBEB00AE52CB /* Todo+CoreDataClass.swift */ = {isa = PBXFileReference; lastKnownFileType = sourcecode.swift; path = "Todo+CoreDataClass.swift"; sourceTree = "<group>"; };
		CEE941022B26FBEB00AE52CB /* Todo+CoreDataProperties.swift */ = {isa = PBXFileReference; lastKnownFileType = sourcecode.swift; path = "Todo+CoreDataProperties.swift"; sourceTree = "<group>"; };
		E3456BAF2B26FD2100EEA7B1 /* String.swift */ = {isa = PBXFileReference; lastKnownFileType = sourcecode.swift; path = String.swift; sourceTree = "<group>"; };
		E3A9AC842B2990D2002B0AE6 /* MyAppDelegate.swift */ = {isa = PBXFileReference; lastKnownFileType = sourcecode.swift; path = MyAppDelegate.swift; sourceTree = "<group>"; };
		E3A9AC862B2990EA002B0AE6 /* MySceneDelegate.swift */ = {isa = PBXFileReference; lastKnownFileType = sourcecode.swift; path = MySceneDelegate.swift; sourceTree = "<group>"; };
		E3A9AC882B2990FA002B0AE6 /* KaKaoAuthVM.swift */ = {isa = PBXFileReference; lastKnownFileType = sourcecode.swift; path = KaKaoAuthVM.swift; sourceTree = "<group>"; };
		E3A9AC8A2B299218002B0AE6 /* Info.plist */ = {isa = PBXFileReference; lastKnownFileType = text.plist.xml; path = Info.plist; sourceTree = SOURCE_ROOT; };
/* End PBXFileReference section */

/* Begin PBXFrameworksBuildPhase section */
		0E8E26E32B29FFA400F1B3B5 /* Frameworks */ = {
			isa = PBXFrameworksBuildPhase;
			buildActionMask = 2147483647;
			files = (
				0E8E26EB2B29FFA400F1B3B5 /* SwiftUI.framework in Frameworks */,
				0E8E26E92B29FFA400F1B3B5 /* WidgetKit.framework in Frameworks */,
			);
			runOnlyForDeploymentPostprocessing = 0;
		};
		CEB9F5772B219941005A338E /* Frameworks */ = {
			isa = PBXFrameworksBuildPhase;
			buildActionMask = 2147483647;
			files = (
				E3D2CDAA2B2A21C300C11851 /* PopupView in Frameworks */,
				E3A9AC932B2992F0002B0AE6 /* KakaoSDKCertCore in Frameworks */,
				E3A9AC912B2992F0002B0AE6 /* KakaoSDKCert in Frameworks */,
				E3A9AC8D2B2992F0002B0AE6 /* KakaoSDK in Frameworks */,
				E3A9AC952B2992F0002B0AE6 /* KakaoSDKCommon in Frameworks */,
				E3A9AC8F2B2992F0002B0AE6 /* KakaoSDKAuth in Frameworks */,
			);
			runOnlyForDeploymentPostprocessing = 0;
		};
/* End PBXFrameworksBuildPhase section */

/* Begin PBXGroup section */
		0E36BAA42B26B6BF003EA141 /* Extensions */ = {
			isa = PBXGroup;
			children = (
				CE13BF7A2B299EE000A8B73B /* Calendar.swift */,
				0E36BAA52B26B6BF003EA141 /* Color.swift */,
				0E36BA992B25D192003EA141 /* Extention.swift */,
				E3456BAF2B26FD2100EEA7B1 /* String.swift */,
				0E8E27132B2B4C9E00F1B3B5 /* Text.swift */,
			);
			path = Extensions;
			sourceTree = "<group>";
		};
		0E8E26E72B29FFA400F1B3B5 /* Frameworks */ = {
			isa = PBXGroup;
			children = (
				0E8E26E82B29FFA400F1B3B5 /* WidgetKit.framework */,
				0E8E26EA2B29FFA400F1B3B5 /* SwiftUI.framework */,
			);
			name = Frameworks;
			sourceTree = "<group>";
		};
		0E8E26EC2B29FFA400F1B3B5 /* TodoriWidget */ = {
			isa = PBXGroup;
			children = (
				0E8E26ED2B29FFA400F1B3B5 /* TodoriWidgetBundle.swift */,
				0E8E26EF2B29FFA400F1B3B5 /* TodoriWidgetLiveActivity.swift */,
				0E8E26F12B29FFA400F1B3B5 /* TodoriWidget.swift */,
				0E8E26F32B29FFA400F1B3B5 /* AppIntent.swift */,
				0E8E26F52B29FFA600F1B3B5 /* Assets.xcassets */,
				0E8E26F72B29FFA600F1B3B5 /* Info.plist */,
			);
			path = TodoriWidget;
			sourceTree = "<group>";
		};
		0E8E27092B2B4B6B00F1B3B5 /* Fonts */ = {
			isa = PBXGroup;
			children = (
				CE80E1A12B2FD84700BE1563 /* alata-regular.ttf */,
				CE80E1A22B2FD84700BE1563 /* Helvetica_Bold.ttf */,
				CE80E1A02B2FD84700BE1563 /* Helvetica.ttf */,
			);
			path = Fonts;
			sourceTree = "<group>";
		};
		CEB9F5712B219941005A338E = {
			isa = PBXGroup;
			children = (
				0E8E27052B2A8E8100F1B3B5 /* TodoriWidgetExtension.entitlements */,
				CEB9F57C2B219941005A338E /* PJ2T12_Again12 */,
				0E8E26EC2B29FFA400F1B3B5 /* TodoriWidget */,
				0E8E26E72B29FFA400F1B3B5 /* Frameworks */,
				CEB9F57B2B219941005A338E /* Products */,
			);
			sourceTree = "<group>";
		};
		CEB9F57B2B219941005A338E /* Products */ = {
			isa = PBXGroup;
			children = (
				CEB9F57A2B219941005A338E /* PJ2T12_Again12.app */,
				0E8E26E62B29FFA400F1B3B5 /* TodoriWidgetExtension.appex */,
			);
			name = Products;
			sourceTree = "<group>";
		};
		CEB9F57C2B219941005A338E /* PJ2T12_Again12 */ = {
			isa = PBXGroup;
			children = (
				0E8E27062B2A8F0F00F1B3B5 /* PJ2T12_Again12.entitlements */,
				E3A9AC8A2B299218002B0AE6 /* Info.plist */,
				CEE941012B26FBEB00AE52CB /* Todo+CoreDataClass.swift */,
				CEE941022B26FBEB00AE52CB /* Todo+CoreDataProperties.swift */,
				CEB9F57D2B219941005A338E /* PJ2T12_Again12App.swift */,
				CEE941002B26EA3100AE52CB /* CoreData */,
				0E36BAA42B26B6BF003EA141 /* Extensions */,
				0E8E27092B2B4B6B00F1B3B5 /* Fonts */,
				E3A9AC832B299073002B0AE6 /* KaKaoModels */,
				CEB9F58C2B219A48005A338E /* Views */,
				CEB9F58D2B219A66005A338E /* ViewModels */,
				CEB9F58B2B219A1C005A338E /* Models */,
				CEB9F5812B219944005A338E /* Assets.xcassets */,
				CEB9F5832B219944005A338E /* Preview Content */,
				CE80E19E2B2FD82200BE1563 /* KeyConfig.xcconfig */,
			);
			path = PJ2T12_Again12;
			sourceTree = "<group>";
		};
		CEB9F5832B219944005A338E /* Preview Content */ = {
			isa = PBXGroup;
			children = (
				CEB9F5842B219944005A338E /* Preview Assets.xcassets */,
			);
			path = "Preview Content";
			sourceTree = "<group>";
		};
		CEB9F58B2B219A1C005A338E /* Models */ = {
			isa = PBXGroup;
			children = (
				CEB9F58E2B219A85005A338E /* User.swift */,
			);
			path = Models;
			sourceTree = "<group>";
		};
		CEB9F58C2B219A48005A338E /* Views */ = {
			isa = PBXGroup;
			children = (
				CEB9F5942B21A950005A338E /* DetailView.swift */,
				0E36BA7D2B22F41E003EA141 /* EditView.swift */,
				CEB9F5982B21A9A9005A338E /* HistoryView.swift */,
				CEB9F5922B21A937005A338E /* HomeView.swift */,
				9E9A102A2B26CF6600A2A73E /* HomeModalView.swift */,
				CEB9F59C2B21A9CE005A338E /* SettingsView.swift */,
				CEB9F59A2B21A9C5005A338E /* SocialView.swift */,
				9E7852B22B2860D5003BC698 /* SocialDetailView.swift */,
				CEB9F5962B21A966005A338E /* StatusView.swift */,
				01D722B52B28B4C100F93E87 /* StatusModalView.swift */,
				CEB9F5902B21A925005A338E /* TodoriTapView.swift */,
				0E8E271B2B2B885E00F1B3B5 /* BedgeView.swift */,
			);
			path = Views;
			sourceTree = "<group>";
		};
		CEB9F58D2B219A66005A338E /* ViewModels */ = {
			isa = PBXGroup;
			children = (
				0E36BAA22B26B696003EA141 /* HomeViewModel.swift */,
				CE80E1A82B3019B200BE1563 /* HomeModalViewModel.swift */,
				0E36BAB12B26F64C003EA141 /* EditViewModel.swift */,
				9E7852B02B28419E003BC698 /* SocialViewModel.swift */,
			);
			path = ViewModels;
			sourceTree = "<group>";
		};
		CEE941002B26EA3100AE52CB /* CoreData */ = {
			isa = PBXGroup;
			children = (
				CEE940F92B26D85700AE52CB /* DataController.swift */,
				CEE940FB2B26D99A00AE52CB /* Todori.xcdatamodeld */,
				CE80E1A62B2FD8D200BE1563 /* CoreDataManager.swift */,
			);
			path = CoreData;
			sourceTree = "<group>";
		};
		E3A9AC832B299073002B0AE6 /* KaKaoModels */ = {
			isa = PBXGroup;
			children = (
				E3A9AC842B2990D2002B0AE6 /* MyAppDelegate.swift */,
				E3A9AC862B2990EA002B0AE6 /* MySceneDelegate.swift */,
				E3A9AC882B2990FA002B0AE6 /* KaKaoAuthVM.swift */,
			);
			path = KaKaoModels;
			sourceTree = "<group>";
		};
/* End PBXGroup section */

/* Begin PBXNativeTarget section */
		0E8E26E52B29FFA400F1B3B5 /* TodoriWidgetExtension */ = {
			isa = PBXNativeTarget;
			buildConfigurationList = 0E8E26FE2B29FFA600F1B3B5 /* Build configuration list for PBXNativeTarget "TodoriWidgetExtension" */;
			buildPhases = (
				0E8E26E22B29FFA400F1B3B5 /* Sources */,
				0E8E26E32B29FFA400F1B3B5 /* Frameworks */,
				0E8E26E42B29FFA400F1B3B5 /* Resources */,
			);
			buildRules = (
			);
			dependencies = (
			);
			name = TodoriWidgetExtension;
			productName = TodoriWidgetExtension;
			productReference = 0E8E26E62B29FFA400F1B3B5 /* TodoriWidgetExtension.appex */;
			productType = "com.apple.product-type.app-extension";
		};
		CEB9F5792B219941005A338E /* PJ2T12_Again12 */ = {
			isa = PBXNativeTarget;
			buildConfigurationList = CEB9F5882B219944005A338E /* Build configuration list for PBXNativeTarget "PJ2T12_Again12" */;
			buildPhases = (
				CEB9F5762B219941005A338E /* Sources */,
				CEB9F5772B219941005A338E /* Frameworks */,
				CEB9F5782B219941005A338E /* Resources */,
				0E8E26FB2B29FFA600F1B3B5 /* Embed Foundation Extensions */,
			);
			buildRules = (
			);
			dependencies = (
				0E8E26F92B29FFA600F1B3B5 /* PBXTargetDependency */,
			);
			name = PJ2T12_Again12;
			packageProductDependencies = (
				E3A9AC8C2B2992F0002B0AE6 /* KakaoSDK */,
				E3A9AC8E2B2992F0002B0AE6 /* KakaoSDKAuth */,
				E3A9AC902B2992F0002B0AE6 /* KakaoSDKCert */,
				E3A9AC922B2992F0002B0AE6 /* KakaoSDKCertCore */,
				E3A9AC942B2992F0002B0AE6 /* KakaoSDKCommon */,
				E3D2CDA92B2A21C300C11851 /* PopupView */,
			);
			productName = PJ2T12_Again12;
			productReference = CEB9F57A2B219941005A338E /* PJ2T12_Again12.app */;
			productType = "com.apple.product-type.application";
		};
/* End PBXNativeTarget section */

/* Begin PBXProject section */
		CEB9F5722B219941005A338E /* Project object */ = {
			isa = PBXProject;
			attributes = {
				BuildIndependentTargetsInParallel = 1;
				LastSwiftUpdateCheck = 1500;
				LastUpgradeCheck = 1500;
				TargetAttributes = {
					0E8E26E52B29FFA400F1B3B5 = {
						CreatedOnToolsVersion = 15.0.1;
					};
					CEB9F5792B219941005A338E = {
						CreatedOnToolsVersion = 15.0.1;
					};
				};
			};
			buildConfigurationList = CEB9F5752B219941005A338E /* Build configuration list for PBXProject "PJ2T12_Again12" */;
			compatibilityVersion = "Xcode 14.0";
			developmentRegion = en;
			hasScannedForEncodings = 0;
			knownRegions = (
				en,
				Base,
			);
			mainGroup = CEB9F5712B219941005A338E;
			packageReferences = (
				E3A9AC8B2B2992F0002B0AE6 /* XCRemoteSwiftPackageReference "kakao-ios-sdk" */,
				E3D2CDA82B2A21C300C11851 /* XCRemoteSwiftPackageReference "PopupView" */,
			);
			productRefGroup = CEB9F57B2B219941005A338E /* Products */;
			projectDirPath = "";
			projectRoot = "";
			targets = (
				CEB9F5792B219941005A338E /* PJ2T12_Again12 */,
				0E8E26E52B29FFA400F1B3B5 /* TodoriWidgetExtension */,
			);
		};
/* End PBXProject section */

/* Begin PBXResourcesBuildPhase section */
		0E8E26E42B29FFA400F1B3B5 /* Resources */ = {
			isa = PBXResourcesBuildPhase;
			buildActionMask = 2147483647;
			files = (
				0E8E27082B2AB96F00F1B3B5 /* Assets.xcassets in Resources */,
				0E8E26F62B29FFA600F1B3B5 /* Assets.xcassets in Resources */,
			);
			runOnlyForDeploymentPostprocessing = 0;
		};
		CEB9F5782B219941005A338E /* Resources */ = {
			isa = PBXResourcesBuildPhase;
			buildActionMask = 2147483647;
			files = (
				CE80E1A32B2FD84700BE1563 /* Helvetica.ttf in Resources */,
				CE80E1A52B2FD84700BE1563 /* Helvetica_Bold.ttf in Resources */,
				CEB9F5852B219944005A338E /* Preview Assets.xcassets in Resources */,
				CE80E19F2B2FD82200BE1563 /* KeyConfig.xcconfig in Resources */,
				CEB9F5822B219944005A338E /* Assets.xcassets in Resources */,
				CE80E1A42B2FD84700BE1563 /* alata-regular.ttf in Resources */,
			);
			runOnlyForDeploymentPostprocessing = 0;
		};
/* End PBXResourcesBuildPhase section */

/* Begin PBXSourcesBuildPhase section */
		0E8E26E22B29FFA400F1B3B5 /* Sources */ = {
			isa = PBXSourcesBuildPhase;
			buildActionMask = 2147483647;
			files = (
				0E8E27042B2A8CDE00F1B3B5 /* DataController.swift in Sources */,
				0E8E27032B2A8C1500F1B3B5 /* Todori.xcdatamodeld in Sources */,
				0E8E26EE2B29FFA400F1B3B5 /* TodoriWidgetBundle.swift in Sources */,
				0E8E26F42B29FFA400F1B3B5 /* AppIntent.swift in Sources */,
				0E8E26F22B29FFA400F1B3B5 /* TodoriWidget.swift in Sources */,
				0E8E26FF2B29FFB100F1B3B5 /* Todo+CoreDataClass.swift in Sources */,
				0E8E27152B2B4C9E00F1B3B5 /* Text.swift in Sources */,
				0E8E26F02B29FFA400F1B3B5 /* TodoriWidgetLiveActivity.swift in Sources */,
				0E8E27002B29FFB300F1B3B5 /* Todo+CoreDataProperties.swift in Sources */,
				0E8E27072B2AB92600F1B3B5 /* Color.swift in Sources */,
			);
			runOnlyForDeploymentPostprocessing = 0;
		};
		CEB9F5762B219941005A338E /* Sources */ = {
			isa = PBXSourcesBuildPhase;
			buildActionMask = 2147483647;
			files = (
				0E36BAB22B26F64C003EA141 /* EditViewModel.swift in Sources */,
				CEB9F5992B21A9A9005A338E /* HistoryView.swift in Sources */,
				CEB9F5952B21A950005A338E /* DetailView.swift in Sources */,
				01D722B62B28B4C100F93E87 /* StatusModalView.swift in Sources */,
				CEB9F57E2B219941005A338E /* PJ2T12_Again12App.swift in Sources */,
				9E7852B32B2860D5003BC698 /* SocialDetailView.swift in Sources */,
				CEB9F58F2B219A85005A338E /* User.swift in Sources */,
				E3456BB02B26FD2100EEA7B1 /* String.swift in Sources */,
				0E36BAA62B26B6BF003EA141 /* Color.swift in Sources */,
				9E7852B12B28419E003BC698 /* SocialViewModel.swift in Sources */,
				0E8E27142B2B4C9E00F1B3B5 /* Text.swift in Sources */,
				E3A9AC872B2990EA002B0AE6 /* MySceneDelegate.swift in Sources */,
				CEB9F59D2B21A9CE005A338E /* SettingsView.swift in Sources */,
				CEB9F59B2B21A9C5005A338E /* SocialView.swift in Sources */,
				CEE940FA2B26D85700AE52CB /* DataController.swift in Sources */,
				E3A9AC892B2990FA002B0AE6 /* KaKaoAuthVM.swift in Sources */,
				0E36BA7E2B22F41E003EA141 /* EditView.swift in Sources */,
				CEE940FD2B26D99A00AE52CB /* Todori.xcdatamodeld in Sources */,
				CE80E1A72B2FD8D200BE1563 /* CoreDataManager.swift in Sources */,
				0E8E271C2B2B885E00F1B3B5 /* BedgeView.swift in Sources */,
				0E36BAA32B26B696003EA141 /* HomeViewModel.swift in Sources */,
				E3A9AC852B2990D2002B0AE6 /* MyAppDelegate.swift in Sources */,
				CEB9F5972B21A966005A338E /* StatusView.swift in Sources */,
				CEB9F5932B21A937005A338E /* HomeView.swift in Sources */,
				0E36BA9A2B25D192003EA141 /* Extention.swift in Sources */,
				CE13BF7B2B299EE000A8B73B /* Calendar.swift in Sources */,
				CEB9F5912B21A925005A338E /* TodoriTapView.swift in Sources */,
				9E9A102B2B26CF6600A2A73E /* HomeModalView.swift in Sources */,
				CE80E1A92B3019B200BE1563 /* HomeModalViewModel.swift in Sources */,
				CEE941032B26FBEB00AE52CB /* Todo+CoreDataClass.swift in Sources */,
				CEE941042B26FBEB00AE52CB /* Todo+CoreDataProperties.swift in Sources */,
			);
			runOnlyForDeploymentPostprocessing = 0;
		};
/* End PBXSourcesBuildPhase section */

/* Begin PBXTargetDependency section */
		0E8E26F92B29FFA600F1B3B5 /* PBXTargetDependency */ = {
			isa = PBXTargetDependency;
			target = 0E8E26E52B29FFA400F1B3B5 /* TodoriWidgetExtension */;
			targetProxy = 0E8E26F82B29FFA600F1B3B5 /* PBXContainerItemProxy */;
		};
/* End PBXTargetDependency section */

/* Begin XCBuildConfiguration section */
		0E8E26FC2B29FFA600F1B3B5 /* Debug */ = {
			isa = XCBuildConfiguration;
			buildSettings = {
				ASSETCATALOG_COMPILER_GLOBAL_ACCENT_COLOR_NAME = AccentColor;
				ASSETCATALOG_COMPILER_WIDGET_BACKGROUND_COLOR_NAME = WidgetBackground;
				CODE_SIGN_ENTITLEMENTS = TodoriWidgetExtension.entitlements;
				CODE_SIGN_STYLE = Automatic;
				CURRENT_PROJECT_VERSION = 1;
				DEVELOPMENT_TEAM = BQUJTNYMGY;
				GENERATE_INFOPLIST_FILE = YES;
				INFOPLIST_FILE = TodoriWidget/Info.plist;
				INFOPLIST_KEY_CFBundleDisplayName = "투두리위젯";
				INFOPLIST_KEY_NSHumanReadableCopyright = "";
				LD_RUNPATH_SEARCH_PATHS = (
					"$(inherited)",
					"@executable_path/Frameworks",
					"@executable_path/../../Frameworks",
				);
				MARKETING_VERSION = 1.0;
				PRODUCT_BUNDLE_IDENTIFIER = "com.kim.hyunjin.PJ2T12-Again12.TodoriWidget";
				PRODUCT_NAME = "$(TARGET_NAME)";
				SKIP_INSTALL = YES;
				SWIFT_EMIT_LOC_STRINGS = YES;
				SWIFT_VERSION = 5.0;
				TARGETED_DEVICE_FAMILY = "1,2";
			};
			name = Debug;
		};
		0E8E26FD2B29FFA600F1B3B5 /* Release */ = {
			isa = XCBuildConfiguration;
			buildSettings = {
				ASSETCATALOG_COMPILER_GLOBAL_ACCENT_COLOR_NAME = AccentColor;
				ASSETCATALOG_COMPILER_WIDGET_BACKGROUND_COLOR_NAME = WidgetBackground;
				CODE_SIGN_ENTITLEMENTS = TodoriWidgetExtension.entitlements;
				CODE_SIGN_STYLE = Automatic;
				CURRENT_PROJECT_VERSION = 1;
				DEVELOPMENT_TEAM = BQUJTNYMGY;
				GENERATE_INFOPLIST_FILE = YES;
				INFOPLIST_FILE = TodoriWidget/Info.plist;
				INFOPLIST_KEY_CFBundleDisplayName = "투두리위젯";
				INFOPLIST_KEY_NSHumanReadableCopyright = "";
				LD_RUNPATH_SEARCH_PATHS = (
					"$(inherited)",
					"@executable_path/Frameworks",
					"@executable_path/../../Frameworks",
				);
				MARKETING_VERSION = 1.0;
				PRODUCT_BUNDLE_IDENTIFIER = "com.kim.hyunjin.PJ2T12-Again12.TodoriWidget";
				PRODUCT_NAME = "$(TARGET_NAME)";
				SKIP_INSTALL = YES;
				SWIFT_EMIT_LOC_STRINGS = YES;
				SWIFT_VERSION = 5.0;
				TARGETED_DEVICE_FAMILY = "1,2";
			};
			name = Release;
		};
		CEB9F5862B219944005A338E /* Debug */ = {
			isa = XCBuildConfiguration;
			buildSettings = {
				ALWAYS_SEARCH_USER_PATHS = NO;
				ASSETCATALOG_COMPILER_GENERATE_SWIFT_ASSET_SYMBOL_EXTENSIONS = YES;
				CLANG_ANALYZER_NONNULL = YES;
				CLANG_ANALYZER_NUMBER_OBJECT_CONVERSION = YES_AGGRESSIVE;
				CLANG_CXX_LANGUAGE_STANDARD = "gnu++20";
				CLANG_ENABLE_MODULES = YES;
				CLANG_ENABLE_OBJC_ARC = YES;
				CLANG_ENABLE_OBJC_WEAK = YES;
				CLANG_WARN_BLOCK_CAPTURE_AUTORELEASING = YES;
				CLANG_WARN_BOOL_CONVERSION = YES;
				CLANG_WARN_COMMA = YES;
				CLANG_WARN_CONSTANT_CONVERSION = YES;
				CLANG_WARN_DEPRECATED_OBJC_IMPLEMENTATIONS = YES;
				CLANG_WARN_DIRECT_OBJC_ISA_USAGE = YES_ERROR;
				CLANG_WARN_DOCUMENTATION_COMMENTS = YES;
				CLANG_WARN_EMPTY_BODY = YES;
				CLANG_WARN_ENUM_CONVERSION = YES;
				CLANG_WARN_INFINITE_RECURSION = YES;
				CLANG_WARN_INT_CONVERSION = YES;
				CLANG_WARN_NON_LITERAL_NULL_CONVERSION = YES;
				CLANG_WARN_OBJC_IMPLICIT_RETAIN_SELF = YES;
				CLANG_WARN_OBJC_LITERAL_CONVERSION = YES;
				CLANG_WARN_OBJC_ROOT_CLASS = YES_ERROR;
				CLANG_WARN_QUOTED_INCLUDE_IN_FRAMEWORK_HEADER = YES;
				CLANG_WARN_RANGE_LOOP_ANALYSIS = YES;
				CLANG_WARN_STRICT_PROTOTYPES = YES;
				CLANG_WARN_SUSPICIOUS_MOVE = YES;
				CLANG_WARN_UNGUARDED_AVAILABILITY = YES_AGGRESSIVE;
				CLANG_WARN_UNREACHABLE_CODE = YES;
				CLANG_WARN__DUPLICATE_METHOD_MATCH = YES;
				COPY_PHASE_STRIP = NO;
				DEBUG_INFORMATION_FORMAT = dwarf;
				ENABLE_STRICT_OBJC_MSGSEND = YES;
				ENABLE_TESTABILITY = YES;
				ENABLE_USER_SCRIPT_SANDBOXING = YES;
				GCC_C_LANGUAGE_STANDARD = gnu17;
				GCC_DYNAMIC_NO_PIC = NO;
				GCC_NO_COMMON_BLOCKS = YES;
				GCC_OPTIMIZATION_LEVEL = 0;
				GCC_PREPROCESSOR_DEFINITIONS = (
					"DEBUG=1",
					"$(inherited)",
				);
				GCC_WARN_64_TO_32_BIT_CONVERSION = YES;
				GCC_WARN_ABOUT_RETURN_TYPE = YES_ERROR;
				GCC_WARN_UNDECLARED_SELECTOR = YES;
				GCC_WARN_UNINITIALIZED_AUTOS = YES_AGGRESSIVE;
				GCC_WARN_UNUSED_FUNCTION = YES;
				GCC_WARN_UNUSED_VARIABLE = YES;
				INFOPLIST_KEY_CFBundleDisplayName = "투두리";
				IPHONEOS_DEPLOYMENT_TARGET = 17.0;
				LOCALIZATION_PREFERS_STRING_CATALOGS = YES;
				MTL_ENABLE_DEBUG_INFO = INCLUDE_SOURCE;
				MTL_FAST_MATH = YES;
				ONLY_ACTIVE_ARCH = YES;
				SDKROOT = iphoneos;
				SWIFT_ACTIVE_COMPILATION_CONDITIONS = "DEBUG $(inherited)";
				SWIFT_OPTIMIZATION_LEVEL = "-Onone";
			};
			name = Debug;
		};
		CEB9F5872B219944005A338E /* Release */ = {
			isa = XCBuildConfiguration;
			buildSettings = {
				ALWAYS_SEARCH_USER_PATHS = NO;
				ASSETCATALOG_COMPILER_GENERATE_SWIFT_ASSET_SYMBOL_EXTENSIONS = YES;
				CLANG_ANALYZER_NONNULL = YES;
				CLANG_ANALYZER_NUMBER_OBJECT_CONVERSION = YES_AGGRESSIVE;
				CLANG_CXX_LANGUAGE_STANDARD = "gnu++20";
				CLANG_ENABLE_MODULES = YES;
				CLANG_ENABLE_OBJC_ARC = YES;
				CLANG_ENABLE_OBJC_WEAK = YES;
				CLANG_WARN_BLOCK_CAPTURE_AUTORELEASING = YES;
				CLANG_WARN_BOOL_CONVERSION = YES;
				CLANG_WARN_COMMA = YES;
				CLANG_WARN_CONSTANT_CONVERSION = YES;
				CLANG_WARN_DEPRECATED_OBJC_IMPLEMENTATIONS = YES;
				CLANG_WARN_DIRECT_OBJC_ISA_USAGE = YES_ERROR;
				CLANG_WARN_DOCUMENTATION_COMMENTS = YES;
				CLANG_WARN_EMPTY_BODY = YES;
				CLANG_WARN_ENUM_CONVERSION = YES;
				CLANG_WARN_INFINITE_RECURSION = YES;
				CLANG_WARN_INT_CONVERSION = YES;
				CLANG_WARN_NON_LITERAL_NULL_CONVERSION = YES;
				CLANG_WARN_OBJC_IMPLICIT_RETAIN_SELF = YES;
				CLANG_WARN_OBJC_LITERAL_CONVERSION = YES;
				CLANG_WARN_OBJC_ROOT_CLASS = YES_ERROR;
				CLANG_WARN_QUOTED_INCLUDE_IN_FRAMEWORK_HEADER = YES;
				CLANG_WARN_RANGE_LOOP_ANALYSIS = YES;
				CLANG_WARN_STRICT_PROTOTYPES = YES;
				CLANG_WARN_SUSPICIOUS_MOVE = YES;
				CLANG_WARN_UNGUARDED_AVAILABILITY = YES_AGGRESSIVE;
				CLANG_WARN_UNREACHABLE_CODE = YES;
				CLANG_WARN__DUPLICATE_METHOD_MATCH = YES;
				COPY_PHASE_STRIP = NO;
				DEBUG_INFORMATION_FORMAT = "dwarf-with-dsym";
				ENABLE_NS_ASSERTIONS = NO;
				ENABLE_STRICT_OBJC_MSGSEND = YES;
				ENABLE_USER_SCRIPT_SANDBOXING = YES;
				GCC_C_LANGUAGE_STANDARD = gnu17;
				GCC_NO_COMMON_BLOCKS = YES;
				GCC_WARN_64_TO_32_BIT_CONVERSION = YES;
				GCC_WARN_ABOUT_RETURN_TYPE = YES_ERROR;
				GCC_WARN_UNDECLARED_SELECTOR = YES;
				GCC_WARN_UNINITIALIZED_AUTOS = YES_AGGRESSIVE;
				GCC_WARN_UNUSED_FUNCTION = YES;
				GCC_WARN_UNUSED_VARIABLE = YES;
				INFOPLIST_KEY_CFBundleDisplayName = "투두리";
				IPHONEOS_DEPLOYMENT_TARGET = 17.0;
				LOCALIZATION_PREFERS_STRING_CATALOGS = YES;
				MTL_ENABLE_DEBUG_INFO = NO;
				MTL_FAST_MATH = YES;
				SDKROOT = iphoneos;
				SWIFT_COMPILATION_MODE = wholemodule;
				VALIDATE_PRODUCT = YES;
			};
			name = Release;
		};
		CEB9F5892B219944005A338E /* Debug */ = {
			isa = XCBuildConfiguration;
			buildSettings = {
				ALWAYS_EMBED_SWIFT_STANDARD_LIBRARIES = YES;
				ASSETCATALOG_COMPILER_APPICON_NAME = AppIcon;
				ASSETCATALOG_COMPILER_GLOBAL_ACCENT_COLOR_NAME = AccentColor;
				CODE_SIGN_ENTITLEMENTS = PJ2T12_Again12/PJ2T12_Again12.entitlements;
				CODE_SIGN_STYLE = Automatic;
				CURRENT_PROJECT_VERSION = 1;
				DEVELOPMENT_ASSET_PATHS = "\"PJ2T12_Again12/Preview Content\"";
				DEVELOPMENT_TEAM = BQUJTNYMGY;
				ENABLE_PREVIEWS = YES;
				GENERATE_INFOPLIST_FILE = YES;
				INFOPLIST_FILE = "PJ2T12-Again12-Info.plist";
				INFOPLIST_KEY_CFBundleDisplayName = "투두리";
				INFOPLIST_KEY_NSCameraUsageDescription = "앱에서 사진앱에 접근 하려고 합니다. ";
				INFOPLIST_KEY_NSPhotoLibraryUsageDescription = "";
				INFOPLIST_KEY_UIApplicationSceneManifest_Generation = YES;
				INFOPLIST_KEY_UIApplicationSupportsIndirectInputEvents = YES;
				INFOPLIST_KEY_UILaunchScreen_Generation = YES;
				INFOPLIST_KEY_UISupportedInterfaceOrientations = UIInterfaceOrientationPortrait;
				INFOPLIST_KEY_UISupportedInterfaceOrientations_iPad = "UIInterfaceOrientationLandscapeLeft UIInterfaceOrientationLandscapeRight UIInterfaceOrientationPortrait UIInterfaceOrientationPortraitUpsideDown";
				IPHONEOS_DEPLOYMENT_TARGET = 16.1;
				LD_RUNPATH_SEARCH_PATHS = (
					"$(inherited)",
					"@executable_path/Frameworks",
				);
				MARKETING_VERSION = 1.0;
				PRODUCT_BUNDLE_IDENTIFIER = "com.kim.hyunjin.PJ2T12-Again12";
				PRODUCT_NAME = "$(TARGET_NAME)";
				SWIFT_EMIT_LOC_STRINGS = YES;
				SWIFT_VERSION = 5.0;
				TARGETED_DEVICE_FAMILY = "1,2";
			};
			name = Debug;
		};
		CEB9F58A2B219944005A338E /* Release */ = {
			isa = XCBuildConfiguration;
			buildSettings = {
				ALWAYS_EMBED_SWIFT_STANDARD_LIBRARIES = YES;
				ASSETCATALOG_COMPILER_APPICON_NAME = AppIcon;
				ASSETCATALOG_COMPILER_GLOBAL_ACCENT_COLOR_NAME = AccentColor;
				CODE_SIGN_ENTITLEMENTS = PJ2T12_Again12/PJ2T12_Again12.entitlements;
				CODE_SIGN_STYLE = Automatic;
				CURRENT_PROJECT_VERSION = 1;
				DEVELOPMENT_ASSET_PATHS = "\"PJ2T12_Again12/Preview Content\"";
				DEVELOPMENT_TEAM = BQUJTNYMGY;
				ENABLE_PREVIEWS = YES;
				GENERATE_INFOPLIST_FILE = YES;
				INFOPLIST_FILE = "PJ2T12-Again12-Info.plist";
				INFOPLIST_KEY_CFBundleDisplayName = "투두리";
				INFOPLIST_KEY_NSCameraUsageDescription = "앱에서 사진앱에 접근 하려고 합니다. ";
				INFOPLIST_KEY_NSPhotoLibraryUsageDescription = "";
				INFOPLIST_KEY_UIApplicationSceneManifest_Generation = YES;
				INFOPLIST_KEY_UIApplicationSupportsIndirectInputEvents = YES;
				INFOPLIST_KEY_UILaunchScreen_Generation = YES;
				INFOPLIST_KEY_UISupportedInterfaceOrientations = UIInterfaceOrientationPortrait;
				INFOPLIST_KEY_UISupportedInterfaceOrientations_iPad = "UIInterfaceOrientationLandscapeLeft UIInterfaceOrientationLandscapeRight UIInterfaceOrientationPortrait UIInterfaceOrientationPortraitUpsideDown";
				IPHONEOS_DEPLOYMENT_TARGET = 16.1;
				LD_RUNPATH_SEARCH_PATHS = (
					"$(inherited)",
					"@executable_path/Frameworks",
				);
				MARKETING_VERSION = 1.0;
				PRODUCT_BUNDLE_IDENTIFIER = "com.kim.hyunjin.PJ2T12-Again12";
				PRODUCT_NAME = "$(TARGET_NAME)";
				SWIFT_EMIT_LOC_STRINGS = YES;
				SWIFT_VERSION = 5.0;
				TARGETED_DEVICE_FAMILY = "1,2";
			};
			name = Release;
		};
/* End XCBuildConfiguration section */

/* Begin XCConfigurationList section */
		0E8E26FE2B29FFA600F1B3B5 /* Build configuration list for PBXNativeTarget "TodoriWidgetExtension" */ = {
			isa = XCConfigurationList;
			buildConfigurations = (
				0E8E26FC2B29FFA600F1B3B5 /* Debug */,
				0E8E26FD2B29FFA600F1B3B5 /* Release */,
			);
			defaultConfigurationIsVisible = 0;
			defaultConfigurationName = Release;
		};
		CEB9F5752B219941005A338E /* Build configuration list for PBXProject "PJ2T12_Again12" */ = {
			isa = XCConfigurationList;
			buildConfigurations = (
				CEB9F5862B219944005A338E /* Debug */,
				CEB9F5872B219944005A338E /* Release */,
			);
			defaultConfigurationIsVisible = 0;
			defaultConfigurationName = Release;
		};
		CEB9F5882B219944005A338E /* Build configuration list for PBXNativeTarget "PJ2T12_Again12" */ = {
			isa = XCConfigurationList;
			buildConfigurations = (
				CEB9F5892B219944005A338E /* Debug */,
				CEB9F58A2B219944005A338E /* Release */,
			);
			defaultConfigurationIsVisible = 0;
			defaultConfigurationName = Release;
		};
/* End XCConfigurationList section */

/* Begin XCRemoteSwiftPackageReference section */
		E3A9AC8B2B2992F0002B0AE6 /* XCRemoteSwiftPackageReference "kakao-ios-sdk" */ = {
			isa = XCRemoteSwiftPackageReference;
			repositoryURL = "https://github.com/kakao/kakao-ios-sdk";
			requirement = {
				kind = upToNextMajorVersion;
				minimumVersion = 2.19.0;
			};
		};
		E3D2CDA82B2A21C300C11851 /* XCRemoteSwiftPackageReference "PopupView" */ = {
			isa = XCRemoteSwiftPackageReference;
			repositoryURL = "https://github.com/exyte/PopupView.git";
			requirement = {
				kind = upToNextMajorVersion;
				minimumVersion = 2.8.3;
			};
		};
/* End XCRemoteSwiftPackageReference section */

/* Begin XCSwiftPackageProductDependency section */
		E3A9AC8C2B2992F0002B0AE6 /* KakaoSDK */ = {
			isa = XCSwiftPackageProductDependency;
			package = E3A9AC8B2B2992F0002B0AE6 /* XCRemoteSwiftPackageReference "kakao-ios-sdk" */;
			productName = KakaoSDK;
		};
		E3A9AC8E2B2992F0002B0AE6 /* KakaoSDKAuth */ = {
			isa = XCSwiftPackageProductDependency;
			package = E3A9AC8B2B2992F0002B0AE6 /* XCRemoteSwiftPackageReference "kakao-ios-sdk" */;
			productName = KakaoSDKAuth;
		};
		E3A9AC902B2992F0002B0AE6 /* KakaoSDKCert */ = {
			isa = XCSwiftPackageProductDependency;
			package = E3A9AC8B2B2992F0002B0AE6 /* XCRemoteSwiftPackageReference "kakao-ios-sdk" */;
			productName = KakaoSDKCert;
		};
		E3A9AC922B2992F0002B0AE6 /* KakaoSDKCertCore */ = {
			isa = XCSwiftPackageProductDependency;
			package = E3A9AC8B2B2992F0002B0AE6 /* XCRemoteSwiftPackageReference "kakao-ios-sdk" */;
			productName = KakaoSDKCertCore;
		};
		E3A9AC942B2992F0002B0AE6 /* KakaoSDKCommon */ = {
			isa = XCSwiftPackageProductDependency;
			package = E3A9AC8B2B2992F0002B0AE6 /* XCRemoteSwiftPackageReference "kakao-ios-sdk" */;
			productName = KakaoSDKCommon;
		};
		E3D2CDA92B2A21C300C11851 /* PopupView */ = {
			isa = XCSwiftPackageProductDependency;
			package = E3D2CDA82B2A21C300C11851 /* XCRemoteSwiftPackageReference "PopupView" */;
			productName = PopupView;
		};
/* End XCSwiftPackageProductDependency section */

/* Begin XCVersionGroup section */
		CEE940FB2B26D99A00AE52CB /* Todori.xcdatamodeld */ = {
			isa = XCVersionGroup;
			children = (
				CEE940FC2B26D99A00AE52CB /* Todori.xcdatamodel */,
			);
			currentVersion = CEE940FC2B26D99A00AE52CB /* Todori.xcdatamodel */;
			path = Todori.xcdatamodeld;
			sourceTree = "<group>";
			versionGroupType = wrapper.xcdatamodel;
		};
/* End XCVersionGroup section */
	};
	rootObject = CEB9F5722B219941005A338E /* Project object */;
}
